
Microsoft Visual Studio Solution File, Format Version 12.00
# Visual Studio Version 17
VisualStudioVersion = 17.13.36105.23
MinimumVisualStudioVersion = 10.0.40219.1
Project("{FAE04EC0-301F-11D3-BF4B-00C04F79EFBC}") = "BDSPSeedFinderPlugin", "BDSPSeedFinderPlugin\BDSPSeedFinderPlugin.csproj", "{B3D91F42-5283-4A76-C831-E47CF633DEB4}"
EndProject
Global
	GlobalSection(SolutionConfigurationPlatforms) = preSolution
		Debug|Any CPU = Debug|Any CPU
		Release|Any CPU = Release|Any CPU
	EndGlobalSection
	GlobalSection(ProjectConfigurationPlatforms) = postSolution
		{B3D91F42-5283-4A76-C831-E47CF633DEB4}.Debug|Any CPU.ActiveCfg = Debug|Any CPU
		{B3D91F42-5283-4A76-C831-E47CF633DEB4}.Debug|Any CPU.Build.0 = Debug|Any CPU
		{B3D91F42-5283-4A76-C831-E47CF633DEB4}.Release|Any CPU.ActiveCfg = Release|Any CPU
		{B3D91F42-5283-4A76-C831-E47CF633DEB4}.Release|Any CPU.Build.0 = Release|Any CPU
	EndGlobalSection
	GlobalSection(SolutionProperties) = preSolution
		HideSolutionNode = FALSE
	EndGlobalSection
	GlobalSection(ExtensibilityGlobals) = postSolution
		SolutionGuid = {D4E8A21C-7B3F-49E2-A1C5-82F6D9E04B17}
	EndGlobalSection
EndGlobal
